
Microsoft Visual Studio Solution File, Format Version 12.00
# Visual Studio 14
VisualStudioVersion = 14.0.25420.1
MinimumVisualStudioVersion = 10.0.40219.1
Project("{FAE04EC0-301F-11D3-BF4B-00C04F79EFBC}") = "AdvertLibrary", "AdvertLibrary\AdvertLibrary.csproj", "{E0344920-4A5C-4E3E-B32B-60C57F8CB9DB}"
EndProject
Project("{FAE04EC0-301F-11D3-BF4B-00C04F79EFBC}") = "AdvertApplication", "AdvertApplication\AdvertApplication.csproj", "{780A4D71-63C9-4DF8-B4EF-BC67A5310ED0}"
EndProject
Global
	GlobalSection(SolutionConfigurationPlatforms) = preSolution
		Debug|Any CPU = Debug|Any CPU
		Release|Any CPU = Release|Any CPU
	EndGlobalSection
	GlobalSection(ProjectConfigurationPlatforms) = postSolution
		{E0344920-4A5C-4E3E-B32B-60C57F8CB9DB}.Debug|Any CPU.ActiveCfg = Debug|Any CPU
		{E0344920-4A5C-4E3E-B32B-60C57F8CB9DB}.Debug|Any CPU.Build.0 = Debug|Any CPU
		{E0344920-4A5C-4E3E-B32B-60C57F8CB9DB}.Release|Any CPU.ActiveCfg = Release|Any CPU
		{E0344920-4A5C-4E3E-B32B-60C57F8CB9DB}.Release|Any CPU.Build.0 = Release|Any CPU
		{780A4D71-63C9-4DF8-B4EF-BC67A5310ED0}.Debug|Any CPU.ActiveCfg = Debug|Any CPU
		{780A4D71-63C9-4DF8-B4EF-BC67A5310ED0}.Debug|Any CPU.Build.0 = Debug|Any CPU
		{780A4D71-63C9-4DF8-B4EF-BC67A5310ED0}.Release|Any CPU.ActiveCfg = Release|Any CPU
		{780A4D71-63C9-4DF8-B4EF-BC67A5310ED0}.Release|Any CPU.Build.0 = Release|Any CPU
	EndGlobalSection
	GlobalSection(SolutionProperties) = preSolution
		HideSolutionNode = FALSE
	EndGlobalSection
EndGlobal
